
Microsoft Visual Studio Solution File, Format Version 12.00
# Visual Studio Version 17
VisualStudioVersion = 17.9.34714.143
MinimumVisualStudioVersion = 10.0.40219.1
Project("{FAE04EC0-301F-11D3-BF4B-00C04F79EFBC}") = "AbPlcEmulatorForm", "AbPlcEmulatorForm\AbPlcEmulatorForm.csproj", "{FA0807D4-39A7-4A00-8BB2-D6A6EA9C82E2}"
EndProject
Project("{FAE04EC0-301F-11D3-BF4B-00C04F79EFBC}") = "AbPlcEmulator.View", "AbPlcEmulator.View\AbPlcEmulator.View.csproj", "{8E22A751-B91E-4983-9FD6-A5ED7EE722E0}"
EndProject
Project("{FAE04EC0-301F-11D3-BF4B-00C04F79EFBC}") = "AbPlcEmulator.Presenters", "AbPlcEmulator.Presenters\AbPlcEmulator.Presenters.csproj", "{DB011E8E-C6F4-4811-8F7B-9F1F757EDE28}"
EndProject
Project("{FAE04EC0-301F-11D3-BF4B-00C04F79EFBC}") = "AbPlcEmulator.Models", "AbPlcEmulator.Models\AbPlcEmulator.Models.csproj", "{690F2085-3BB4-4074-B876-98AD61FE5317}"
EndProject
Global
	GlobalSection(SolutionConfigurationPlatforms) = preSolution
		Debug|Any CPU = Debug|Any CPU
		Release|Any CPU = Release|Any CPU
	EndGlobalSection
	GlobalSection(ProjectConfigurationPlatforms) = postSolution
		{FA0807D4-39A7-4A00-8BB2-D6A6EA9C82E2}.Debug|Any CPU.ActiveCfg = Debug|Any CPU
		{FA0807D4-39A7-4A00-8BB2-D6A6EA9C82E2}.Debug|Any CPU.Build.0 = Debug|Any CPU
		{FA0807D4-39A7-4A00-8BB2-D6A6EA9C82E2}.Release|Any CPU.ActiveCfg = Release|Any CPU
		{FA0807D4-39A7-4A00-8BB2-D6A6EA9C82E2}.Release|Any CPU.Build.0 = Release|Any CPU
		{8E22A751-B91E-4983-9FD6-A5ED7EE722E0}.Debug|Any CPU.ActiveCfg = Debug|Any CPU
		{8E22A751-B91E-4983-9FD6-A5ED7EE722E0}.Debug|Any CPU.Build.0 = Debug|Any CPU
		{8E22A751-B91E-4983-9FD6-A5ED7EE722E0}.Release|Any CPU.ActiveCfg = Release|Any CPU
		{8E22A751-B91E-4983-9FD6-A5ED7EE722E0}.Release|Any CPU.Build.0 = Release|Any CPU
		{DB011E8E-C6F4-4811-8F7B-9F1F757EDE28}.Debug|Any CPU.ActiveCfg = Debug|Any CPU
		{DB011E8E-C6F4-4811-8F7B-9F1F757EDE28}.Debug|Any CPU.Build.0 = Debug|Any CPU
		{DB011E8E-C6F4-4811-8F7B-9F1F757EDE28}.Release|Any CPU.ActiveCfg = Release|Any CPU
		{DB011E8E-C6F4-4811-8F7B-9F1F757EDE28}.Release|Any CPU.Build.0 = Release|Any CPU
		{690F2085-3BB4-4074-B876-98AD61FE5317}.Debug|Any CPU.ActiveCfg = Debug|Any CPU
		{690F2085-3BB4-4074-B876-98AD61FE5317}.Debug|Any CPU.Build.0 = Debug|Any CPU
		{690F2085-3BB4-4074-B876-98AD61FE5317}.Release|Any CPU.ActiveCfg = Release|Any CPU
		{690F2085-3BB4-4074-B876-98AD61FE5317}.Release|Any CPU.Build.0 = Release|Any CPU
	EndGlobalSection
	GlobalSection(SolutionProperties) = preSolution
		HideSolutionNode = FALSE
	EndGlobalSection
	GlobalSection(ExtensibilityGlobals) = postSolution
		SolutionGuid = {F6CB5F4D-2CFB-4180-9AF2-613E457AEF53}
	EndGlobalSection
EndGlobal
